// !$*UTF8*$!
{
	archiveVersion = 1;
	classes = {
	};
	objectVersion = 55;
	objects = {

/* Begin PBXBuildFile section */
		873F58FE28D6AA8F00855C02 /* FirebaseAuth in Frameworks */ = {isa = PBXBuildFile; productRef = 873F58FD28D6AA8F00855C02 /* FirebaseAuth */; };
		873F590028D6AA8F00855C02 /* FirebaseFirestore in Frameworks */ = {isa = PBXBuildFile; productRef = 873F58FF28D6AA8F00855C02 /* FirebaseFirestore */; };
		873F590228D6AA8F00855C02 /* FirebaseStorage in Frameworks */ = {isa = PBXBuildFile; productRef = 873F590128D6AA8F00855C02 /* FirebaseStorage */; };
		878DB14428A482820056D86E /* SwiftUIFirebaseChatApp.swift in Sources */ = {isa = PBXBuildFile; fileRef = 878DB13428A482810056D86E /* SwiftUIFirebaseChatApp.swift */; };
		878DB14528A482820056D86E /* SwiftUIFirebaseChatApp.swift in Sources */ = {isa = PBXBuildFile; fileRef = 878DB13428A482810056D86E /* SwiftUIFirebaseChatApp.swift */; };
		878DB14628A482820056D86E /* LoginView.swift in Sources */ = {isa = PBXBuildFile; fileRef = 878DB13528A482810056D86E /* LoginView.swift */; };
		878DB14728A482820056D86E /* LoginView.swift in Sources */ = {isa = PBXBuildFile; fileRef = 878DB13528A482810056D86E /* LoginView.swift */; };
		878DB14828A482820056D86E /* Assets.xcassets in Resources */ = {isa = PBXBuildFile; fileRef = 878DB13628A482820056D86E /* Assets.xcassets */; };
		878DB14928A482820056D86E /* Assets.xcassets in Resources */ = {isa = PBXBuildFile; fileRef = 878DB13628A482820056D86E /* Assets.xcassets */; };
		879AD5B528A9A7C7000B042C /* GoogleService-Info.plist in Resources */ = {isa = PBXBuildFile; fileRef = 879AD5B428A9A7C7000B042C /* GoogleService-Info.plist */; };
		879AD5B628A9A7C7000B042C /* GoogleService-Info.plist in Resources */ = {isa = PBXBuildFile; fileRef = 879AD5B428A9A7C7000B042C /* GoogleService-Info.plist */; };
		87A80DD128D1529A00DF90FE /* ImagePicker.swift in Sources */ = {isa = PBXBuildFile; fileRef = 87A80DD028D1529A00DF90FE /* ImagePicker.swift */; };
		87A80DD228D1529A00DF90FE /* ImagePicker.swift in Sources */ = {isa = PBXBuildFile; fileRef = 87A80DD028D1529A00DF90FE /* ImagePicker.swift */; };
/* End PBXBuildFile section */

/* Begin PBXFileReference section */
		878DB13428A482810056D86E /* SwiftUIFirebaseChatApp.swift */ = {isa = PBXFileReference; lastKnownFileType = sourcecode.swift; path = SwiftUIFirebaseChatApp.swift; sourceTree = "<group>"; };
		878DB13528A482810056D86E /* LoginView.swift */ = {isa = PBXFileReference; lastKnownFileType = sourcecode.swift; path = LoginView.swift; sourceTree = "<group>"; };
		878DB13628A482820056D86E /* Assets.xcassets */ = {isa = PBXFileReference; lastKnownFileType = folder.assetcatalog; path = Assets.xcassets; sourceTree = "<group>"; };
		878DB13B28A482820056D86E /* SwiftUIFirebaseChat.app */ = {isa = PBXFileReference; explicitFileType = wrapper.application; includeInIndex = 0; path = SwiftUIFirebaseChat.app; sourceTree = BUILT_PRODUCTS_DIR; };
		878DB14128A482820056D86E /* SwiftUIFirebaseChat.app */ = {isa = PBXFileReference; explicitFileType = wrapper.application; includeInIndex = 0; path = SwiftUIFirebaseChat.app; sourceTree = BUILT_PRODUCTS_DIR; };
		878DB14328A482820056D86E /* macOS.entitlements */ = {isa = PBXFileReference; lastKnownFileType = text.plist.entitlements; path = macOS.entitlements; sourceTree = "<group>"; };
		879AD5B428A9A7C7000B042C /* GoogleService-Info.plist */ = {isa = PBXFileReference; fileEncoding = 4; lastKnownFileType = text.plist.xml; name = "GoogleService-Info.plist"; path = "../../../../Downloads/GoogleService-Info.plist"; sourceTree = "<group>"; };
		87A80DD028D1529A00DF90FE /* ImagePicker.swift */ = {isa = PBXFileReference; lastKnownFileType = sourcecode.swift; path = ImagePicker.swift; sourceTree = "<group>"; };
/* End PBXFileReference section */

/* Begin PBXFrameworksBuildPhase section */
		878DB13828A482820056D86E /* Frameworks */ = {
			isa = PBXFrameworksBuildPhase;
			buildActionMask = 2147483647;
			files = (
				873F58FE28D6AA8F00855C02 /* FirebaseAuth in Frameworks */,
				873F590028D6AA8F00855C02 /* FirebaseFirestore in Frameworks */,
				873F590228D6AA8F00855C02 /* FirebaseStorage in Frameworks */,
			);
			runOnlyForDeploymentPostprocessing = 0;
		};
		878DB13E28A482820056D86E /* Frameworks */ = {
			isa = PBXFrameworksBuildPhase;
			buildActionMask = 2147483647;
			files = (
			);
			runOnlyForDeploymentPostprocessing = 0;
		};
/* End PBXFrameworksBuildPhase section */

/* Begin PBXGroup section */
		878DB12E28A482810056D86E = {
			isa = PBXGroup;
			children = (
				878DB13328A482810056D86E /* Shared */,
				878DB14228A482820056D86E /* macOS */,
				878DB13C28A482820056D86E /* Products */,
			);
			sourceTree = "<group>";
		};
		878DB13328A482810056D86E /* Shared */ = {
			isa = PBXGroup;
			children = (
				878DB13428A482810056D86E /* SwiftUIFirebaseChatApp.swift */,
				878DB13528A482810056D86E /* LoginView.swift */,
				879AD5B428A9A7C7000B042C /* GoogleService-Info.plist */,
				878DB13628A482820056D86E /* Assets.xcassets */,
				87A80DD028D1529A00DF90FE /* ImagePicker.swift */,
			);
			path = Shared;
			sourceTree = "<group>";
		};
		878DB13C28A482820056D86E /* Products */ = {
			isa = PBXGroup;
			children = (
				878DB13B28A482820056D86E /* SwiftUIFirebaseChat.app */,
				878DB14128A482820056D86E /* SwiftUIFirebaseChat.app */,
			);
			name = Products;
			sourceTree = "<group>";
		};
		878DB14228A482820056D86E /* macOS */ = {
			isa = PBXGroup;
			children = (
				878DB14328A482820056D86E /* macOS.entitlements */,
			);
			path = macOS;
			sourceTree = "<group>";
		};
/* End PBXGroup section */

/* Begin PBXNativeTarget section */
		878DB13A28A482820056D86E /* SwiftUIFirebaseChat (iOS) */ = {
			isa = PBXNativeTarget;
			buildConfigurationList = 878DB14C28A482820056D86E /* Build configuration list for PBXNativeTarget "SwiftUIFirebaseChat (iOS)" */;
			buildPhases = (
				878DB13728A482820056D86E /* Sources */,
				878DB13828A482820056D86E /* Frameworks */,
				878DB13928A482820056D86E /* Resources */,
			);
			buildRules = (
			);
			dependencies = (
			);
			name = "SwiftUIFirebaseChat (iOS)";
			packageProductDependencies = (
				873F58FD28D6AA8F00855C02 /* FirebaseAuth */,
				873F58FF28D6AA8F00855C02 /* FirebaseFirestore */,
				873F590128D6AA8F00855C02 /* FirebaseStorage */,
			);
			productName = "SwiftUIFirebaseChat (iOS)";
			productReference = 878DB13B28A482820056D86E /* SwiftUIFirebaseChat.app */;
			productType = "com.apple.product-type.application";
		};
		878DB14028A482820056D86E /* SwiftUIFirebaseChat (macOS) */ = {
			isa = PBXNativeTarget;
			buildConfigurationList = 878DB14F28A482820056D86E /* Build configuration list for PBXNativeTarget "SwiftUIFirebaseChat (macOS)" */;
			buildPhases = (
				878DB13D28A482820056D86E /* Sources */,
				878DB13E28A482820056D86E /* Frameworks */,
				878DB13F28A482820056D86E /* Resources */,
			);
			buildRules = (
			);
			dependencies = (
			);
			name = "SwiftUIFirebaseChat (macOS)";
			productName = "SwiftUIFirebaseChat (macOS)";
			productReference = 878DB14128A482820056D86E /* SwiftUIFirebaseChat.app */;
			productType = "com.apple.product-type.application";
		};
/* End PBXNativeTarget section */

/* Begin PBXProject section */
		878DB12F28A482810056D86E /* Project object */ = {
			isa = PBXProject;
			attributes = {
				BuildIndependentTargetsInParallel = 1;
				LastSwiftUpdateCheck = 1340;
				LastUpgradeCheck = 1340;
				TargetAttributes = {
					878DB13A28A482820056D86E = {
						CreatedOnToolsVersion = 13.4.1;
					};
					878DB14028A482820056D86E = {
						CreatedOnToolsVersion = 13.4.1;
					};
				};
			};
			buildConfigurationList = 878DB13228A482810056D86E /* Build configuration list for PBXProject "SwiftUIFirebaseChat" */;
			compatibilityVersion = "Xcode 13.0";
			developmentRegion = en;
			hasScannedForEncodings = 0;
			knownRegions = (
				en,
				Base,
			);
			mainGroup = 878DB12E28A482810056D86E;
			packageReferences = (
				873F58FC28D6AA8F00855C02 /* XCRemoteSwiftPackageReference "firebase-ios-sdk" */,
			);
			productRefGroup = 878DB13C28A482820056D86E /* Products */;
			projectDirPath = "";
			projectRoot = "";
			targets = (
				878DB13A28A482820056D86E /* SwiftUIFirebaseChat (iOS) */,
				878DB14028A482820056D86E /* SwiftUIFirebaseChat (macOS) */,
			);
		};
/* End PBXProject section */

/* Begin PBXResourcesBuildPhase section */
		878DB13928A482820056D86E /* Resources */ = {
			isa = PBXResourcesBuildPhase;
			buildActionMask = 2147483647;
			files = (
				878DB14828A482820056D86E /* Assets.xcassets in Resources */,
				879AD5B528A9A7C7000B042C /* GoogleService-Info.plist in Resources */,
			);
			runOnlyForDeploymentPostprocessing = 0;
		};
		878DB13F28A482820056D86E /* Resources */ = {
			isa = PBXResourcesBuildPhase;
			buildActionMask = 2147483647;
			files = (
				878DB14928A482820056D86E /* Assets.xcassets in Resources */,
				879AD5B628A9A7C7000B042C /* GoogleService-Info.plist in Resources */,
			);
			runOnlyForDeploymentPostprocessing = 0;
		};
/* End PBXResourcesBuildPhase section */

/* Begin PBXSourcesBuildPhase section */
		878DB13728A482820056D86E /* Sources */ = {
			isa = PBXSourcesBuildPhase;
			buildActionMask = 2147483647;
			files = (
				87A80DD128D1529A00DF90FE /* ImagePicker.swift in Sources */,
				878DB14628A482820056D86E /* LoginView.swift in Sources */,
				878DB14428A482820056D86E /* SwiftUIFirebaseChatApp.swift in Sources */,
			);
			runOnlyForDeploymentPostprocessing = 0;
		};
		878DB13D28A482820056D86E /* Sources */ = {
			isa = PBXSourcesBuildPhase;
			buildActionMask = 2147483647;
			files = (
				87A80DD228D1529A00DF90FE /* ImagePicker.swift in Sources */,
				878DB14728A482820056D86E /* LoginView.swift in Sources */,
				878DB14528A482820056D86E /* SwiftUIFirebaseChatApp.swift in Sources */,
			);
			runOnlyForDeploymentPostprocessing = 0;
		};
/* End PBXSourcesBuildPhase section */

/* Begin XCBuildConfiguration section */
		878DB14A28A482820056D86E /* Debug */ = {
			isa = XCBuildConfiguration;
			buildSettings = {
				ALWAYS_SEARCH_USER_PATHS = NO;
				CLANG_ANALYZER_NONNULL = YES;
				CLANG_ANALYZER_NUMBER_OBJECT_CONVERSION = YES_AGGRESSIVE;
				CLANG_CXX_LANGUAGE_STANDARD = "gnu++17";
				CLANG_ENABLE_MODULES = YES;
				CLANG_ENABLE_OBJC_ARC = YES;
				CLANG_ENABLE_OBJC_WEAK = YES;
				CLANG_WARN_BLOCK_CAPTURE_AUTORELEASING = YES;
				CLANG_WARN_BOOL_CONVERSION = YES;
				CLANG_WARN_COMMA = YES;
				CLANG_WARN_CONSTANT_CONVERSION = YES;
				CLANG_WARN_DEPRECATED_OBJC_IMPLEMENTATIONS = YES;
				CLANG_WARN_DIRECT_OBJC_ISA_USAGE = YES_ERROR;
				CLANG_WARN_DOCUMENTATION_COMMENTS = YES;
				CLANG_WARN_EMPTY_BODY = YES;
				CLANG_WARN_ENUM_CONVERSION = YES;
				CLANG_WARN_INFINITE_RECURSION = YES;
				CLANG_WARN_INT_CONVERSION = YES;
				CLANG_WARN_NON_LITERAL_NULL_CONVERSION = YES;
				CLANG_WARN_OBJC_IMPLICIT_RETAIN_SELF = YES;
				CLANG_WARN_OBJC_LITERAL_CONVERSION = YES;
				CLANG_WARN_OBJC_ROOT_CLASS = YES_ERROR;
				CLANG_WARN_QUOTED_INCLUDE_IN_FRAMEWORK_HEADER = YES;
				CLANG_WARN_RANGE_LOOP_ANALYSIS = YES;
				CLANG_WARN_STRICT_PROTOTYPES = YES;
				CLANG_WARN_SUSPICIOUS_MOVE = YES;
				CLANG_WARN_UNGUARDED_AVAILABILITY = YES_AGGRESSIVE;
				CLANG_WARN_UNREACHABLE_CODE = YES;
				CLANG_WARN__DUPLICATE_METHOD_MATCH = YES;
				COPY_PHASE_STRIP = NO;
				DEBUG_INFORMATION_FORMAT = dwarf;
				ENABLE_STRICT_OBJC_MSGSEND = YES;
				ENABLE_TESTABILITY = YES;
				GCC_C_LANGUAGE_STANDARD = gnu11;
				GCC_DYNAMIC_NO_PIC = NO;
				GCC_NO_COMMON_BLOCKS = YES;
				GCC_OPTIMIZATION_LEVEL = 0;
				GCC_PREPROCESSOR_DEFINITIONS = (
					"DEBUG=1",
					"$(inherited)",
				);
				GCC_WARN_64_TO_32_BIT_CONVERSION = YES;
				GCC_WARN_ABOUT_RETURN_TYPE = YES_ERROR;
				GCC_WARN_UNDECLARED_SELECTOR = YES;
				GCC_WARN_UNINITIALIZED_AUTOS = YES_AGGRESSIVE;
				GCC_WARN_UNUSED_FUNCTION = YES;
				GCC_WARN_UNUSED_VARIABLE = YES;
				MTL_ENABLE_DEBUG_INFO = INCLUDE_SOURCE;
				MTL_FAST_MATH = YES;
				ONLY_ACTIVE_ARCH = YES;
				SWIFT_ACTIVE_COMPILATION_CONDITIONS = DEBUG;
				SWIFT_OPTIMIZATION_LEVEL = "-Onone";
			};
			name = Debug;
		};
		878DB14B28A482820056D86E /* Release */ = {
			isa = XCBuildConfiguration;
			buildSettings = {
				ALWAYS_SEARCH_USER_PATHS = NO;
				CLANG_ANALYZER_NONNULL = YES;
				CLANG_ANALYZER_NUMBER_OBJECT_CONVERSION = YES_AGGRESSIVE;
				CLANG_CXX_LANGUAGE_STANDARD = "gnu++17";
				CLANG_ENABLE_MODULES = YES;
				CLANG_ENABLE_OBJC_ARC = YES;
				CLANG_ENABLE_OBJC_WEAK = YES;
				CLANG_WARN_BLOCK_CAPTURE_AUTORELEASING = YES;
				CLANG_WARN_BOOL_CONVERSION = YES;
				CLANG_WARN_COMMA = YES;
				CLANG_WARN_CONSTANT_CONVERSION = YES;
				CLANG_WARN_DEPRECATED_OBJC_IMPLEMENTATIONS = YES;
				CLANG_WARN_DIRECT_OBJC_ISA_USAGE = YES_ERROR;
				CLANG_WARN_DOCUMENTATION_COMMENTS = YES;
				CLANG_WARN_EMPTY_BODY = YES;
				CLANG_WARN_ENUM_CONVERSION = YES;
				CLANG_WARN_INFINITE_RECURSION = YES;
				CLANG_WARN_INT_CONVERSION = YES;
				CLANG_WARN_NON_LITERAL_NULL_CONVERSION = YES;
				CLANG_WARN_OBJC_IMPLICIT_RETAIN_SELF = YES;
				CLANG_WARN_OBJC_LITERAL_CONVERSION = YES;
				CLANG_WARN_OBJC_ROOT_CLASS = YES_ERROR;
				CLANG_WARN_QUOTED_INCLUDE_IN_FRAMEWORK_HEADER = YES;
				CLANG_WARN_RANGE_LOOP_ANALYSIS = YES;
				CLANG_WARN_STRICT_PROTOTYPES = YES;
				CLANG_WARN_SUSPICIOUS_MOVE = YES;
				CLANG_WARN_UNGUARDED_AVAILABILITY = YES_AGGRESSIVE;
				CLANG_WARN_UNREACHABLE_CODE = YES;
				CLANG_WARN__DUPLICATE_METHOD_MATCH = YES;
				COPY_PHASE_STRIP = NO;
				DEBUG_INFORMATION_FORMAT = "dwarf-with-dsym";
				ENABLE_NS_ASSERTIONS = NO;
				ENABLE_STRICT_OBJC_MSGSEND = YES;
				GCC_C_LANGUAGE_STANDARD = gnu11;
				GCC_NO_COMMON_BLOCKS = YES;
				GCC_WARN_64_TO_32_BIT_CONVERSION = YES;
				GCC_WARN_ABOUT_RETURN_TYPE = YES_ERROR;
				GCC_WARN_UNDECLARED_SELECTOR = YES;
				GCC_WARN_UNINITIALIZED_AUTOS = YES_AGGRESSIVE;
				GCC_WARN_UNUSED_FUNCTION = YES;
				GCC_WARN_UNUSED_VARIABLE = YES;
				MTL_ENABLE_DEBUG_INFO = NO;
				MTL_FAST_MATH = YES;
				SWIFT_COMPILATION_MODE = wholemodule;
				SWIFT_OPTIMIZATION_LEVEL = "-O";
			};
			name = Release;
		};
		878DB14D28A482820056D86E /* Debug */ = {
			isa = XCBuildConfiguration;
			buildSettings = {
				ASSETCATALOG_COMPILER_APPICON_NAME = AppIcon;
				ASSETCATALOG_COMPILER_GLOBAL_ACCENT_COLOR_NAME = AccentColor;
				CODE_SIGN_STYLE = Automatic;
				CURRENT_PROJECT_VERSION = 1;
				DEVELOPMENT_TEAM = 28EMJAMXZN;
				ENABLE_PREVIEWS = YES;
				GENERATE_INFOPLIST_FILE = YES;
				INFOPLIST_KEY_UIApplicationSceneManifest_Generation = YES;
				INFOPLIST_KEY_UIApplicationSupportsIndirectInputEvents = YES;
				INFOPLIST_KEY_UILaunchScreen_Generation = YES;
				INFOPLIST_KEY_UISupportedInterfaceOrientations_iPad = "UIInterfaceOrientationPortrait UIInterfaceOrientationPortraitUpsideDown UIInterfaceOrientationLandscapeLeft UIInterfaceOrientationLandscapeRight";
				INFOPLIST_KEY_UISupportedInterfaceOrientations_iPhone = "UIInterfaceOrientationPortrait UIInterfaceOrientationLandscapeLeft UIInterfaceOrientationLandscapeRight";
				IPHONEOS_DEPLOYMENT_TARGET = 15.5;
				LD_RUNPATH_SEARCH_PATHS = (
					"$(inherited)",
					"@executable_path/Frameworks",
				);
				MARKETING_VERSION = 1.0;
				PRODUCT_BUNDLE_IDENTIFIER = com.personal.SwiftUIFirebaseChat;
				PRODUCT_NAME = SwiftUIFirebaseChat;
				SDKROOT = iphoneos;
				SWIFT_EMIT_LOC_STRINGS = YES;
				SWIFT_VERSION = 5.0;
				TARGETED_DEVICE_FAMILY = "1,2";
			};
			name = Debug;
		};
		878DB14E28A482820056D86E /* Release */ = {
			isa = XCBuildConfiguration;
			buildSettings = {
				ASSETCATALOG_COMPILER_APPICON_NAME = AppIcon;
				ASSETCATALOG_COMPILER_GLOBAL_ACCENT_COLOR_NAME = AccentColor;
				CODE_SIGN_STYLE = Automatic;
				CURRENT_PROJECT_VERSION = 1;
				DEVELOPMENT_TEAM = 28EMJAMXZN;
				ENABLE_PREVIEWS = YES;
				GENERATE_INFOPLIST_FILE = YES;
				INFOPLIST_KEY_UIApplicationSceneManifest_Generation = YES;
				INFOPLIST_KEY_UIApplicationSupportsIndirectInputEvents = YES;
				INFOPLIST_KEY_UILaunchScreen_Generation = YES;
				INFOPLIST_KEY_UISupportedInterfaceOrientations_iPad = "UIInterfaceOrientationPortrait UIInterfaceOrientationPortraitUpsideDown UIInterfaceOrientationLandscapeLeft UIInterfaceOrientationLandscapeRight";
				INFOPLIST_KEY_UISupportedInterfaceOrientations_iPhone = "UIInterfaceOrientationPortrait UIInterfaceOrientationLandscapeLeft UIInterfaceOrientationLandscapeRight";
				IPHONEOS_DEPLOYMENT_TARGET = 15.5;
				LD_RUNPATH_SEARCH_PATHS = (
					"$(inherited)",
					"@executable_path/Frameworks",
				);
				MARKETING_VERSION = 1.0;
				PRODUCT_BUNDLE_IDENTIFIER = com.personal.SwiftUIFirebaseChat;
				PRODUCT_NAME = SwiftUIFirebaseChat;
				SDKROOT = iphoneos;
				SWIFT_EMIT_LOC_STRINGS = YES;
				SWIFT_VERSION = 5.0;
				TARGETED_DEVICE_FAMILY = "1,2";
				VALIDATE_PRODUCT = YES;
			};
			name = Release;
		};
		878DB15028A482820056D86E /* Debug */ = {
			isa = XCBuildConfiguration;
			buildSettings = {
				ASSETCATALOG_COMPILER_APPICON_NAME = AppIcon;
				ASSETCATALOG_COMPILER_GLOBAL_ACCENT_COLOR_NAME = AccentColor;
				CODE_SIGN_ENTITLEMENTS = macOS/macOS.entitlements;
				CODE_SIGN_STYLE = Automatic;
				COMBINE_HIDPI_IMAGES = YES;
				CURRENT_PROJECT_VERSION = 1;
				DEVELOPMENT_TEAM = 28EMJAMXZN;
				ENABLE_HARDENED_RUNTIME = YES;
				ENABLE_PREVIEWS = YES;
				GENERATE_INFOPLIST_FILE = YES;
				INFOPLIST_KEY_NSHumanReadableCopyright = "";
				LD_RUNPATH_SEARCH_PATHS = (
					"$(inherited)",
					"@executable_path/../Frameworks",
				);
				MACOSX_DEPLOYMENT_TARGET = 12.3;
				MARKETING_VERSION = 1.0;
				PRODUCT_BUNDLE_IDENTIFIER = Personal.SwiftUIFirebaseChat;
				PRODUCT_NAME = SwiftUIFirebaseChat;
				SDKROOT = macosx;
				SWIFT_EMIT_LOC_STRINGS = YES;
				SWIFT_VERSION = 5.0;
			};
			name = Debug;
		};
		878DB15128A482820056D86E /* Release */ = {
			isa = XCBuildConfiguration;
			buildSettings = {
				ASSETCATALOG_COMPILER_APPICON_NAME = AppIcon;
				ASSETCATALOG_COMPILER_GLOBAL_ACCENT_COLOR_NAME = AccentColor;
				CODE_SIGN_ENTITLEMENTS = macOS/macOS.entitlements;
				CODE_SIGN_STYLE = Automatic;
				COMBINE_HIDPI_IMAGES = YES;
				CURRENT_PROJECT_VERSION = 1;
				DEVELOPMENT_TEAM = 28EMJAMXZN;
				ENABLE_HARDENED_RUNTIME = YES;
				ENABLE_PREVIEWS = YES;
				GENERATE_INFOPLIST_FILE = YES;
				INFOPLIST_KEY_NSHumanReadableCopyright = "";
				LD_RUNPATH_SEARCH_PATHS = (
					"$(inherited)",
					"@executable_path/../Frameworks",
				);
				MACOSX_DEPLOYMENT_TARGET = 12.3;
				MARKETING_VERSION = 1.0;
				PRODUCT_BUNDLE_IDENTIFIER = Personal.SwiftUIFirebaseChat;
				PRODUCT_NAME = SwiftUIFirebaseChat;
				SDKROOT = macosx;
				SWIFT_EMIT_LOC_STRINGS = YES;
				SWIFT_VERSION = 5.0;
			};
			name = Release;
		};
/* End XCBuildConfiguration section */

/* Begin XCConfigurationList section */
		878DB13228A482810056D86E /* Build configuration list for PBXProject "SwiftUIFirebaseChat" */ = {
			isa = XCConfigurationList;
			buildConfigurations = (
				878DB14A28A482820056D86E /* Debug */,
				878DB14B28A482820056D86E /* Release */,
			);
			defaultConfigurationIsVisible = 0;
			defaultConfigurationName = Release;
		};
		878DB14C28A482820056D86E /* Build configuration list for PBXNativeTarget "SwiftUIFirebaseChat (iOS)" */ = {
			isa = XCConfigurationList;
			buildConfigurations = (
				878DB14D28A482820056D86E /* Debug */,
				878DB14E28A482820056D86E /* Release */,
			);
			defaultConfigurationIsVisible = 0;
			defaultConfigurationName = Release;
		};
		878DB14F28A482820056D86E /* Build configuration list for PBXNativeTarget "SwiftUIFirebaseChat (macOS)" */ = {
			isa = XCConfigurationList;
			buildConfigurations = (
				878DB15028A482820056D86E /* Debug */,
				878DB15128A482820056D86E /* Release */,
			);
			defaultConfigurationIsVisible = 0;
			defaultConfigurationName = Release;
		};
/* End XCConfigurationList section */

/* Begin XCRemoteSwiftPackageReference section */
		873F58FC28D6AA8F00855C02 /* XCRemoteSwiftPackageReference "firebase-ios-sdk" */ = {
			isa = XCRemoteSwiftPackageReference;
			repositoryURL = "https://github.com/firebase/firebase-ios-sdk.git";
			requirement = {
				branch = master;
				kind = branch;
			};
		};
/* End XCRemoteSwiftPackageReference section */

/* Begin XCSwiftPackageProductDependency section */
		873F58FD28D6AA8F00855C02 /* FirebaseAuth */ = {
			isa = XCSwiftPackageProductDependency;
			package = 873F58FC28D6AA8F00855C02 /* XCRemoteSwiftPackageReference "firebase-ios-sdk" */;
			productName = FirebaseAuth;
		};
		873F58FF28D6AA8F00855C02 /* FirebaseFirestore */ = {
			isa = XCSwiftPackageProductDependency;
			package = 873F58FC28D6AA8F00855C02 /* XCRemoteSwiftPackageReference "firebase-ios-sdk" */;
			productName = FirebaseFirestore;
		};
		873F590128D6AA8F00855C02 /* FirebaseStorage */ = {
			isa = XCSwiftPackageProductDependency;
			package = 873F58FC28D6AA8F00855C02 /* XCRemoteSwiftPackageReference "firebase-ios-sdk" */;
			productName = FirebaseStorage;
		};
/* End XCSwiftPackageProductDependency section */
	};
	rootObject = 878DB12F28A482810056D86E /* Project object */;
}
